
Microsoft Visual Studio Solution File, Format Version 12.00
# Visual Studio Version 17
VisualStudioVersion = 17.14.36310.24 d17.14
MinimumVisualStudioVersion = 10.0.40219.1
Project("{FAE04EC0-301F-11D3-BF4B-00C04F79EFBC}") = "InventoryManagement.Domain", "InventoryManagement.Domain\InventoryManagement.Domain.csproj", "{1064E675-1529-4011-8FD5-44C476EA3568}"
EndProject
Project("{FAE04EC0-301F-11D3-BF4B-00C04F79EFBC}") = "InventoryManagement.Application", "InventoryManagement.Application\InventoryManagement.Application.csproj", "{6307457C-B283-41BB-A16E-D367178B4A0D}"
EndProject
Project("{FAE04EC0-301F-11D3-BF4B-00C04F79EFBC}") = "InventoryManagement.Infrastructure", "InventoryManagement.Infrastructure\InventoryManagement.Infrastructure.csproj", "{5E77C02B-496B-43C3-8138-37D2D0D1E325}"
EndProject
Project("{FAE04EC0-301F-11D3-BF4B-00C04F79EFBC}") = "InventoryManagement.Api", "InventoryManagement.Api\InventoryManagement.Api.csproj", "{805E2020-0776-4FDF-A95C-C84184D42925}"
EndProject
Global
	GlobalSection(SolutionConfigurationPlatforms) = preSolution
		Debug|Any CPU = Debug|Any CPU
		Release|Any CPU = Release|Any CPU
	EndGlobalSection
	GlobalSection(ProjectConfigurationPlatforms) = postSolution
		{1064E675-1529-4011-8FD5-44C476EA3568}.Debug|Any CPU.ActiveCfg = Debug|Any CPU
		{1064E675-1529-4011-8FD5-44C476EA3568}.Debug|Any CPU.Build.0 = Debug|Any CPU
		{1064E675-1529-4011-8FD5-44C476EA3568}.Release|Any CPU.ActiveCfg = Release|Any CPU
		{1064E675-1529-4011-8FD5-44C476EA3568}.Release|Any CPU.Build.0 = Release|Any CPU
		{6307457C-B283-41BB-A16E-D367178B4A0D}.Debug|Any CPU.ActiveCfg = Debug|Any CPU
		{6307457C-B283-41BB-A16E-D367178B4A0D}.Debug|Any CPU.Build.0 = Debug|Any CPU
		{6307457C-B283-41BB-A16E-D367178B4A0D}.Release|Any CPU.ActiveCfg = Release|Any CPU
		{6307457C-B283-41BB-A16E-D367178B4A0D}.Release|Any CPU.Build.0 = Release|Any CPU
		{5E77C02B-496B-43C3-8138-37D2D0D1E325}.Debug|Any CPU.ActiveCfg = Debug|Any CPU
		{5E77C02B-496B-43C3-8138-37D2D0D1E325}.Debug|Any CPU.Build.0 = Debug|Any CPU
		{5E77C02B-496B-43C3-8138-37D2D0D1E325}.Release|Any CPU.ActiveCfg = Release|Any CPU
		{5E77C02B-496B-43C3-8138-37D2D0D1E325}.Release|Any CPU.Build.0 = Release|Any CPU
		{805E2020-0776-4FDF-A95C-C84184D42925}.Debug|Any CPU.ActiveCfg = Debug|Any CPU
		{805E2020-0776-4FDF-A95C-C84184D42925}.Debug|Any CPU.Build.0 = Debug|Any CPU
		{805E2020-0776-4FDF-A95C-C84184D42925}.Release|Any CPU.ActiveCfg = Release|Any CPU
		{805E2020-0776-4FDF-A95C-C84184D42925}.Release|Any CPU.Build.0 = Release|Any CPU
	EndGlobalSection
	GlobalSection(SolutionProperties) = preSolution
		HideSolutionNode = FALSE
	EndGlobalSection
	GlobalSection(ExtensibilityGlobals) = postSolution
		SolutionGuid = {8322C902-DA8E-48B2-A3DA-1056795FA155}
	EndGlobalSection
EndGlobal
